
Microsoft Visual Studio Solution File, Format Version 11.00
# Visual Studio 2010
Project("{FAE04EC0-301F-11D3-BF4B-00C04F79EFBC}") = "BlockStacker", "Assembly-CSharp.csproj", "{48353AE7-7841-9419-A4A2-8571B613DC10}"
EndProject
Global
	GlobalSection(SolutionConfigurationPlatforms) = preSolution
		Debug|Any CPU = Debug|Any CPU
		Release|Any CPU = Release|Any CPU
	EndGlobalSection
	GlobalSection(ProjectConfigurationPlatforms) = postSolution
		{48353AE7-7841-9419-A4A2-8571B613DC10}.Debug|Any CPU.ActiveCfg = Debug|Any CPU
		{48353AE7-7841-9419-A4A2-8571B613DC10}.Debug|Any CPU.Build.0 = Debug|Any CPU
		{48353AE7-7841-9419-A4A2-8571B613DC10}.Release|Any CPU.ActiveCfg = Release|Any CPU
		{48353AE7-7841-9419-A4A2-8571B613DC10}.Release|Any CPU.Build.0 = Release|Any CPU
	EndGlobalSection
	GlobalSection(SolutionProperties) = preSolution
		HideSolutionNode = FALSE
	EndGlobalSection
	GlobalSection(MonoDevelopProperties) = preSolution
		StartupItem = Assembly-CSharp.csproj
	EndGlobalSection
EndGlobal
